
Microsoft Visual Studio Solution File, Format Version 12.00
# Visual Studio Version 16
VisualStudioVersion = 16.0.31313.79
MinimumVisualStudioVersion = 10.0.40219.1
Project("{FAE04EC0-301F-11D3-BF4B-00C04F79EFBC}") = "WebApplication1", "WebApplication1\WebApplication1.csproj", "{18DC34B8-B8F4-48C4-BB03-CD44B5CF7DE0}"
EndProject
Global
	GlobalSection(SolutionConfigurationPlatforms) = preSolution
		Debug|Any CPU = Debug|Any CPU
		Release|Any CPU = Release|Any CPU
	EndGlobalSection
	GlobalSection(ProjectConfigurationPlatforms) = postSolution
		{18DC34B8-B8F4-48C4-BB03-CD44B5CF7DE0}.Debug|Any CPU.ActiveCfg = Debug|Any CPU
		{18DC34B8-B8F4-48C4-BB03-CD44B5CF7DE0}.Debug|Any CPU.Build.0 = Debug|Any CPU
		{18DC34B8-B8F4-48C4-BB03-CD44B5CF7DE0}.Release|Any CPU.ActiveCfg = Release|Any CPU
		{18DC34B8-B8F4-48C4-BB03-CD44B5CF7DE0}.Release|Any CPU.Build.0 = Release|Any CPU
	EndGlobalSection
	GlobalSection(SolutionProperties) = preSolution
		HideSolutionNode = FALSE
	EndGlobalSection
	GlobalSection(ExtensibilityGlobals) = postSolution
		SolutionGuid = {C20F2334-C49F-4D07-8ED6-DE164B00A895}
	EndGlobalSection
EndGlobal
